// !$*UTF8*$!
{
	archiveVersion = 1;
	classes = {
	};
	objectVersion = 55;
	objects = {

/* Begin PBXBuildFile section */
		452556CD278F01ED00E904C4 /* main.cpp in Sources */ = {isa = PBXBuildFile; fileRef = 452556CC278F01ED00E904C4 /* main.cpp */; };
		452556D5278F028100E904C4 /* rate.cpp in Sources */ = {isa = PBXBuildFile; fileRef = 452556D3278F028100E904C4 /* rate.cpp */; };
		452556D8278F04A700E904C4 /* interpolater.cpp in Sources */ = {isa = PBXBuildFile; fileRef = 452556D6278F04A700E904C4 /* interpolater.cpp */; };
		452556DA278F062B00E904C4 /* temp.cpp in Sources */ = {isa = PBXBuildFile; fileRef = 452556D9278F062B00E904C4 /* temp.cpp */; };
		452556DC278F068000E904C4 /* temp2.cpp in Sources */ = {isa = PBXBuildFile; fileRef = 452556DB278F068000E904C4 /* temp2.cpp */; };
/* End PBXBuildFile section */

/* Begin PBXCopyFilesBuildPhase section */
		452556C7278F01ED00E904C4 /* CopyFiles */ = {
			isa = PBXCopyFilesBuildPhase;
			buildActionMask = 2147483647;
			dstPath = /usr/share/man/man1/;
			dstSubfolderSpec = 0;
			files = (
			);
			runOnlyForDeploymentPostprocessing = 1;
		};
/* End PBXCopyFilesBuildPhase section */

/* Begin PBXFileReference section */
		452556C9278F01ED00E904C4 /* ELSreplicate */ = {isa = PBXFileReference; explicitFileType = "compiled.mach-o.executable"; includeInIndex = 0; path = ELSreplicate; sourceTree = BUILT_PRODUCTS_DIR; };
		452556CC278F01ED00E904C4 /* main.cpp */ = {isa = PBXFileReference; lastKnownFileType = sourcecode.cpp.cpp; path = main.cpp; sourceTree = "<group>"; };
		452556D3278F028100E904C4 /* rate.cpp */ = {isa = PBXFileReference; lastKnownFileType = sourcecode.cpp.cpp; path = rate.cpp; sourceTree = "<group>"; };
		452556D4278F028100E904C4 /* rate.hpp */ = {isa = PBXFileReference; lastKnownFileType = sourcecode.cpp.h; path = rate.hpp; sourceTree = "<group>"; };
		452556D6278F04A700E904C4 /* interpolater.cpp */ = {isa = PBXFileReference; lastKnownFileType = sourcecode.cpp.cpp; path = interpolater.cpp; sourceTree = "<group>"; };
		452556D7278F04A700E904C4 /* interpolater.hpp */ = {isa = PBXFileReference; lastKnownFileType = sourcecode.cpp.h; path = interpolater.hpp; sourceTree = "<group>"; };
		452556D9278F062B00E904C4 /* temp.cpp */ = {isa = PBXFileReference; lastKnownFileType = sourcecode.cpp.cpp; path = temp.cpp; sourceTree = "<group>"; };
		452556DB278F068000E904C4 /* temp2.cpp */ = {isa = PBXFileReference; lastKnownFileType = sourcecode.cpp.cpp; path = temp2.cpp; sourceTree = "<group>"; };
/* End PBXFileReference section */

/* Begin PBXFrameworksBuildPhase section */
		452556C6278F01ED00E904C4 /* Frameworks */ = {
			isa = PBXFrameworksBuildPhase;
			buildActionMask = 2147483647;
			files = (
			);
			runOnlyForDeploymentPostprocessing = 0;
		};
/* End PBXFrameworksBuildPhase section */

/* Begin PBXGroup section */
		452556C0278F01EC00E904C4 = {
			isa = PBXGroup;
			children = (
				452556DB278F068000E904C4 /* temp2.cpp */,
				452556D9278F062B00E904C4 /* temp.cpp */,
				452556CB278F01ED00E904C4 /* ELSreplicate */,
				452556CA278F01ED00E904C4 /* Products */,
			);
			sourceTree = "<group>";
		};
		452556CA278F01ED00E904C4 /* Products */ = {
			isa = PBXGroup;
			children = (
				452556C9278F01ED00E904C4 /* ELSreplicate */,
			);
			name = Products;
			sourceTree = "<group>";
		};
		452556CB278F01ED00E904C4 /* ELSreplicate */ = {
			isa = PBXGroup;
			children = (
				452556CC278F01ED00E904C4 /* main.cpp */,
				452556D3278F028100E904C4 /* rate.cpp */,
				452556D4278F028100E904C4 /* rate.hpp */,
				452556D6278F04A700E904C4 /* interpolater.cpp */,
				452556D7278F04A700E904C4 /* interpolater.hpp */,
			);
			path = ELSreplicate;
			sourceTree = "<group>";
		};
/* End PBXGroup section */

/* Begin PBXNativeTarget section */
		452556C8278F01ED00E904C4 /* ELSreplicate */ = {
			isa = PBXNativeTarget;
			buildConfigurationList = 452556D0278F01ED00E904C4 /* Build configuration list for PBXNativeTarget "ELSreplicate" */;
			buildPhases = (
				452556C5278F01ED00E904C4 /* Sources */,
				452556C6278F01ED00E904C4 /* Frameworks */,
				452556C7278F01ED00E904C4 /* CopyFiles */,
			);
			buildRules = (
			);
			dependencies = (
			);
			name = ELSreplicate;
			productName = ELSreplicate;
			productReference = 452556C9278F01ED00E904C4 /* ELSreplicate */;
			productType = "com.apple.product-type.tool";
		};
/* End PBXNativeTarget section */

/* Begin PBXProject section */
		452556C1278F01EC00E904C4 /* Project object */ = {
			isa = PBXProject;
			attributes = {
				BuildIndependentTargetsInParallel = 1;
				LastUpgradeCheck = 1320;
				TargetAttributes = {
					452556C8278F01ED00E904C4 = {
						CreatedOnToolsVersion = 13.2.1;
					};
				};
			};
			buildConfigurationList = 452556C4278F01EC00E904C4 /* Build configuration list for PBXProject "ELSreplicate" */;
			compatibilityVersion = "Xcode 13.0";
			developmentRegion = en;
			hasScannedForEncodings = 0;
			knownRegions = (
				en,
				Base,
			);
			mainGroup = 452556C0278F01EC00E904C4;
			productRefGroup = 452556CA278F01ED00E904C4 /* Products */;
			projectDirPath = "";
			projectRoot = "";
			targets = (
				452556C8278F01ED00E904C4 /* ELSreplicate */,
			);
		};
/* End PBXProject section */

/* Begin PBXSourcesBuildPhase section */
		452556C5278F01ED00E904C4 /* Sources */ = {
			isa = PBXSourcesBuildPhase;
			buildActionMask = 2147483647;
			files = (
				452556CD278F01ED00E904C4 /* main.cpp in Sources */,
				452556D8278F04A700E904C4 /* interpolater.cpp in Sources */,
				452556D5278F028100E904C4 /* rate.cpp in Sources */,
				452556DA278F062B00E904C4 /* temp.cpp in Sources */,
				452556DC278F068000E904C4 /* temp2.cpp in Sources */,
			);
			runOnlyForDeploymentPostprocessing = 0;
		};
/* End PBXSourcesBuildPhase section */

/* Begin XCBuildConfiguration section */
		452556CE278F01ED00E904C4 /* Debug */ = {
			isa = XCBuildConfiguration;
			buildSettings = {
				ALWAYS_SEARCH_USER_PATHS = NO;
				CLANG_ANALYZER_NONNULL = YES;
				CLANG_ANALYZER_NUMBER_OBJECT_CONVERSION = YES_AGGRESSIVE;
				CLANG_CXX_LANGUAGE_STANDARD = "gnu++17";
				CLANG_CXX_LIBRARY = "libc++";
				CLANG_ENABLE_MODULES = YES;
				CLANG_ENABLE_OBJC_ARC = YES;
				CLANG_ENABLE_OBJC_WEAK = YES;
				CLANG_WARN_BLOCK_CAPTURE_AUTORELEASING = YES;
				CLANG_WARN_BOOL_CONVERSION = YES;
				CLANG_WARN_COMMA = YES;
				CLANG_WARN_CONSTANT_CONVERSION = YES;
				CLANG_WARN_DEPRECATED_OBJC_IMPLEMENTATIONS = YES;
				CLANG_WARN_DIRECT_OBJC_ISA_USAGE = YES_ERROR;
				CLANG_WARN_DOCUMENTATION_COMMENTS = YES;
				CLANG_WARN_EMPTY_BODY = YES;
				CLANG_WARN_ENUM_CONVERSION = YES;
				CLANG_WARN_INFINITE_RECURSION = YES;
				CLANG_WARN_INT_CONVERSION = YES;
				CLANG_WARN_NON_LITERAL_NULL_CONVERSION = YES;
				CLANG_WARN_OBJC_IMPLICIT_RETAIN_SELF = YES;
				CLANG_WARN_OBJC_LITERAL_CONVERSION = YES;
				CLANG_WARN_OBJC_ROOT_CLASS = YES_ERROR;
				CLANG_WARN_QUOTED_INCLUDE_IN_FRAMEWORK_HEADER = YES;
				CLANG_WARN_RANGE_LOOP_ANALYSIS = YES;
				CLANG_WARN_STRICT_PROTOTYPES = YES;
				CLANG_WARN_SUSPICIOUS_MOVE = YES;
				CLANG_WARN_UNGUARDED_AVAILABILITY = YES_AGGRESSIVE;
				CLANG_WARN_UNREACHABLE_CODE = YES;
				CLANG_WARN__DUPLICATE_METHOD_MATCH = YES;
				COPY_PHASE_STRIP = NO;
				DEBUG_INFORMATION_FORMAT = dwarf;
				ENABLE_STRICT_OBJC_MSGSEND = YES;
				ENABLE_TESTABILITY = YES;
				GCC_C_LANGUAGE_STANDARD = gnu11;
				GCC_DYNAMIC_NO_PIC = NO;
				GCC_NO_COMMON_BLOCKS = YES;
				GCC_OPTIMIZATION_LEVEL = 0;
				GCC_PREPROCESSOR_DEFINITIONS = (
					"DEBUG=1",
					"$(inherited)",
				);
				GCC_WARN_64_TO_32_BIT_CONVERSION = YES;
				GCC_WARN_ABOUT_RETURN_TYPE = YES_ERROR;
				GCC_WARN_UNDECLARED_SELECTOR = YES;
				GCC_WARN_UNINITIALIZED_AUTOS = YES_AGGRESSIVE;
				GCC_WARN_UNUSED_FUNCTION = YES;
				GCC_WARN_UNUSED_VARIABLE = YES;
				MACOSX_DEPLOYMENT_TARGET = 12.1;
				MTL_ENABLE_DEBUG_INFO = INCLUDE_SOURCE;
				MTL_FAST_MATH = YES;
				ONLY_ACTIVE_ARCH = YES;
				SDKROOT = macosx;
			};
			name = Debug;
		};
		452556CF278F01ED00E904C4 /* Release */ = {
			isa = XCBuildConfiguration;
			buildSettings = {
				ALWAYS_SEARCH_USER_PATHS = NO;
				CLANG_ANALYZER_NONNULL = YES;
				CLANG_ANALYZER_NUMBER_OBJECT_CONVERSION = YES_AGGRESSIVE;
				CLANG_CXX_LANGUAGE_STANDARD = "gnu++17";
				CLANG_CXX_LIBRARY = "libc++";
				CLANG_ENABLE_MODULES = YES;
				CLANG_ENABLE_OBJC_ARC = YES;
				CLANG_ENABLE_OBJC_WEAK = YES;
				CLANG_WARN_BLOCK_CAPTURE_AUTORELEASING = YES;
				CLANG_WARN_BOOL_CONVERSION = YES;
				CLANG_WARN_COMMA = YES;
				CLANG_WARN_CONSTANT_CONVERSION = YES;
				CLANG_WARN_DEPRECATED_OBJC_IMPLEMENTATIONS = YES;
				CLANG_WARN_DIRECT_OBJC_ISA_USAGE = YES_ERROR;
				CLANG_WARN_DOCUMENTATION_COMMENTS = YES;
				CLANG_WARN_EMPTY_BODY = YES;
				CLANG_WARN_ENUM_CONVERSION = YES;
				CLANG_WARN_INFINITE_RECURSION = YES;
				CLANG_WARN_INT_CONVERSION = YES;
				CLANG_WARN_NON_LITERAL_NULL_CONVERSION = YES;
				CLANG_WARN_OBJC_IMPLICIT_RETAIN_SELF = YES;
				CLANG_WARN_OBJC_LITERAL_CONVERSION = YES;
				CLANG_WARN_OBJC_ROOT_CLASS = YES_ERROR;
				CLANG_WARN_QUOTED_INCLUDE_IN_FRAMEWORK_HEADER = YES;
				CLANG_WARN_RANGE_LOOP_ANALYSIS = YES;
				CLANG_WARN_STRICT_PROTOTYPES = YES;
				CLANG_WARN_SUSPICIOUS_MOVE = YES;
				CLANG_WARN_UNGUARDED_AVAILABILITY = YES_AGGRESSIVE;
				CLANG_WARN_UNREACHABLE_CODE = YES;
				CLANG_WARN__DUPLICATE_METHOD_MATCH = YES;
				COPY_PHASE_STRIP = NO;
				DEBUG_INFORMATION_FORMAT = "dwarf-with-dsym";
				ENABLE_NS_ASSERTIONS = NO;
				ENABLE_STRICT_OBJC_MSGSEND = YES;
				GCC_C_LANGUAGE_STANDARD = gnu11;
				GCC_NO_COMMON_BLOCKS = YES;
				GCC_WARN_64_TO_32_BIT_CONVERSION = YES;
				GCC_WARN_ABOUT_RETURN_TYPE = YES_ERROR;
				GCC_WARN_UNDECLARED_SELECTOR = YES;
				GCC_WARN_UNINITIALIZED_AUTOS = YES_AGGRESSIVE;
				GCC_WARN_UNUSED_FUNCTION = YES;
				GCC_WARN_UNUSED_VARIABLE = YES;
				MACOSX_DEPLOYMENT_TARGET = 12.1;
				MTL_ENABLE_DEBUG_INFO = NO;
				MTL_FAST_MATH = YES;
				SDKROOT = macosx;
			};
			name = Release;
		};
		452556D1278F01ED00E904C4 /* Debug */ = {
			isa = XCBuildConfiguration;
			buildSettings = {
				CODE_SIGN_STYLE = Automatic;
				PRODUCT_NAME = "$(TARGET_NAME)";
			};
			name = Debug;
		};
		452556D2278F01ED00E904C4 /* Release */ = {
			isa = XCBuildConfiguration;
			buildSettings = {
				CODE_SIGN_STYLE = Automatic;
				PRODUCT_NAME = "$(TARGET_NAME)";
			};
			name = Release;
		};
/* End XCBuildConfiguration section */

/* Begin XCConfigurationList section */
		452556C4278F01EC00E904C4 /* Build configuration list for PBXProject "ELSreplicate" */ = {
			isa = XCConfigurationList;
			buildConfigurations = (
				452556CE278F01ED00E904C4 /* Debug */,
				452556CF278F01ED00E904C4 /* Release */,
			);
			defaultConfigurationIsVisible = 0;
			defaultConfigurationName = Release;
		};
		452556D0278F01ED00E904C4 /* Build configuration list for PBXNativeTarget "ELSreplicate" */ = {
			isa = XCConfigurationList;
			buildConfigurations = (
				452556D1278F01ED00E904C4 /* Debug */,
				452556D2278F01ED00E904C4 /* Release */,
			);
			defaultConfigurationIsVisible = 0;
			defaultConfigurationName = Release;
		};
/* End XCConfigurationList section */
	};
	rootObject = 452556C1278F01EC00E904C4 /* Project object */;
}
